# Applied Alembic history: one `revision parent...` line per revision, base first.
# Append a line for each new revision; never edit or reorder an existing one.
# Checked by tests/contract/test_migration_history.py.
0001_create_job -
0002_sprint1_core 0001_create_job
0003_catalog_publication_state 0002_sprint1_core
0004_oauth_identity_avatar 0003_catalog_publication_state
0005_device_authorization 0004_oauth_identity_avatar
0006_sync_revision_ledger 0005_device_authorization
0007_publication_grants_reports 0006_sync_revision_ledger
0009_public_profile_documents 0007_publication_grants_reports
0010_avatar_object_key 0009_public_profile_documents
0011_catalog_support_evidence 0010_avatar_object_key
0012_catalog_likes_count 0011_catalog_support_evidence
0013_account_privacy_preferences 0012_catalog_likes_count
0014_profile_bio_1500 0013_account_privacy_preferences
0015_component_media_reactions 0014_profile_bio_1500
0016_github_username_grants 0015_component_media_reactions
0017_web_devices 0016_github_username_grants
0018_catalog_digest 0017_web_devices
0019_component_presentation 0018_catalog_digest
0020_safety_scan 0019_component_presentation
0021_repository_metrics 0020_safety_scan
0022_external_products 0021_repository_metrics
0023_github_archive_observation 0022_external_products
0024_drop_github_archive_cache 0023_github_archive_observation
0025_catalog_metrics 0024_drop_github_archive_cache
0026_evidence_reason 0025_catalog_metrics
0027_safety_identity 0026_evidence_reason
0028_complaint_intake 0027_safety_identity
0029_finding_summary 0028_complaint_intake
0030_shared_object_key 0029_finding_summary
0031_seo_projections 0030_shared_object_key
0032_legal_onboarding 0031_seo_projections
0033_official_upstream 0032_legal_onboarding
0034_ownership_claims 0033_official_upstream
0035_official_upstream_multi 0034_ownership_claims
0036_official_projection 0035_official_upstream_multi
0037_request_case_topics 0036_official_projection
0038_content_revision_media 0037_request_case_topics
0039_external_catalog_locales 0038_content_revision_media
0040_public_identities_official_sync 0039_external_catalog_locales
0041_catalog_search_projection 0040_public_identities_official_sync
0042_retire_duplicate_official_sources 0041_catalog_search_projection
0043_retire_duplicate_official_identities 0042_retire_duplicate_official_sources
0044_retire_duplicate_official_variants 0043_retire_duplicate_official_identities
0045_retire_removed_official_sources 0044_retire_duplicate_official_variants
0046_repair_official_canonical_collisions 0045_retire_removed_official_sources
0047_repair_official_locale_collisions 0046_repair_official_canonical_collisions
0048_canonical_catalog_consumers 0047_repair_official_locale_collisions
0048_catalog_obt_support_and_provenance 0048_canonical_catalog_consumers
0049_catalog_projections_assurance_families 0048_catalog_obt_support_and_provenance
0050_exact_public_targets_and_cli_taxonomy 0049_catalog_projections_assurance_families
0051_target_assessment_check_details 0050_exact_public_targets_and_cli_taxonomy
0052_restore_canonical_support_tiers 0051_target_assessment_check_details
0053_component_assurance_expiry 0052_restore_canonical_support_tiers
0052_private_artifact_storage 0051_target_assessment_check_details
0053_catalog_safety_percent 0052_private_artifact_storage
0054_publication_artifact_inventory 0053_catalog_safety_percent 0053_component_assurance_expiry
0055_component_media_digest_compat 0054_publication_artifact_inventory
0056_distribution_visibility_plans 0055_component_media_digest_compat
0056_github_connector 0055_component_media_digest_compat
0057_catalog_assurance_expiry_compat 0056_github_connector 0056_distribution_visibility_plans
0058_b2b00_context_and_project_links 0057_catalog_assurance_expiry_compat
0059_project_ledger_and_ownership_scope 0058_b2b00_context_and_project_links
0060_sync_plan_identity_revisions 0059_project_ledger_and_ownership_scope
0061_organization_identity_invariants 0060_sync_plan_identity_revisions
0062_organization_shape_invariants 0061_organization_identity_invariants
0063_corporate_core 0062_organization_shape_invariants
0064_corporate_relationship_tenant_keys 0063_corporate_core
0065_dynamic_corporate_roles 0064_corporate_relationship_tenant_keys
0066_corporate_team_description 0065_dynamic_corporate_roles
0067_technology_relations 0066_corporate_team_description
0068_retained_project_lifecycle 0067_technology_relations
0069_retained_category_removal 0068_retained_project_lifecycle
0070_project_source_availability 0069_retained_category_removal
0071_corporate_catalog_assignments 0070_project_source_availability
0072_tenant_member_display_names 0071_corporate_catalog_assignments
0073_employee_technology_competences 0072_tenant_member_display_names
0074_corporate_entity_profiles 0073_employee_technology_competences
0075_corporate_catalog_ownership 0074_corporate_entity_profiles
0076_milestone5_corporate_governance 0075_corporate_catalog_ownership
0077_corporate_job_titles 0076_milestone5_corporate_governance
0078_corporate_catalog_permissions 0077_corporate_job_titles
0079_corporate_job_title_permissions 0078_corporate_catalog_permissions
0080_corporate_audit_export_permission 0079_corporate_job_title_permissions
0081_effective_catalog_assignments 0080_corporate_audit_export_permission
0082_bulk_assignment_distribution 0081_effective_catalog_assignments
0083_scoped_lead_permissions 0082_bulk_assignment_distribution
0084_installation_heartbeat 0083_scoped_lead_permissions
0085_heartbeat_permissions 0084_installation_heartbeat
0087_runtime_usage_event 0085_heartbeat_permissions
0088_runtime_usage_permissions 0087_runtime_usage_event
0089_runtime_usage_export 0088_runtime_usage_permissions
0090_telemetry_privacy 0089_runtime_usage_export
0091_gitlab_project_observations 0090_telemetry_privacy
0092_corporate_dashboard 0091_gitlab_project_observations
0093_partial_installation_heartbeat 0092_corporate_dashboard
0094_heartbeat_policy 0093_partial_installation_heartbeat
0095_minute_installation_heartbeat 0094_heartbeat_policy
0096_heartbeat_reports 0095_minute_installation_heartbeat
0097_installation_operation_facts 0096_heartbeat_reports
0098_inventory_scan_policy 0097_installation_operation_facts
0099_installation_inventory 0098_inventory_scan_policy
0100_usage_evidence_source 0099_installation_inventory
0101_direct_component_usage 0100_usage_evidence_source
0102_usage_collection_policy 0101_direct_component_usage
0103_report_timezone 0102_usage_collection_policy
0104_project_link_permissions 0103_report_timezone
0105_technology_unmapped_coordinates 0104_project_link_permissions
0106_technology_review_queue 0105_technology_unmapped_coordinates
0096_device_session_semantics 0106_technology_review_queue
0097_profile_publish_idempotency 0096_device_session_semantics
0107_device_public_key_global 0097_profile_publish_idempotency
0108_project_link_account_local_index 0107_device_public_key_global
0109_schema_model_parity 0108_project_link_account_local_index
0107_corporate_invitations 0097_profile_publish_idempotency
0108_corporate_mail_delivery 0107_corporate_invitations
0110_invitation_email_confirmation 0108_corporate_mail_delivery 0109_schema_model_parity
0111_corporate_access_provenance 0110_invitation_email_confirmation
0112_replay_skipped_feature_chain 0111_corporate_access_provenance
0113_gitlab_source_connector 0112_replay_skipped_feature_chain
0114_gitlab_action_plans 0113_gitlab_source_connector
0115_saml_sso_request 0114_gitlab_action_plans
